
Microsoft Visual Studio Solution File, Format Version 12.00
# Visual Studio 2013
VisualStudioVersion = 12.0.31101.0
MinimumVisualStudioVersion = 10.0.40219.1
Project("{FAE04EC0-301F-11D3-BF4B-00C04F79EFBC}") = "PMS_WebSite", "PMS_WebSite\PMS_WebSite.csproj", "{8834F3CA-67E6-487C-8AB2-7BFCFD444EB2}"
EndProject
Global
	GlobalSection(SolutionConfigurationPlatforms) = preSolution
		Debug|Any CPU = Debug|Any CPU
		Release|Any CPU = Release|Any CPU
	EndGlobalSection
	GlobalSection(ProjectConfigurationPlatforms) = postSolution
		{8834F3CA-67E6-487C-8AB2-7BFCFD444EB2}.Debug|Any CPU.ActiveCfg = Debug|Any CPU
		{8834F3CA-67E6-487C-8AB2-7BFCFD444EB2}.Debug|Any CPU.Build.0 = Debug|Any CPU
		{8834F3CA-67E6-487C-8AB2-7BFCFD444EB2}.Release|Any CPU.ActiveCfg = Release|Any CPU
		{8834F3CA-67E6-487C-8AB2-7BFCFD444EB2}.Release|Any CPU.Build.0 = Release|Any CPU
	EndGlobalSection
	GlobalSection(SolutionProperties) = preSolution
		HideSolutionNode = FALSE
	EndGlobalSection
EndGlobal
